
Microsoft Visual Studio Solution File, Format Version 12.00
# Visual Studio 2012
Project("{E24C65DC-7377-472B-9ABA-BC803B73C61A}") = "www", "http://localhost:65211", "{6760DFB6-73C3-4F84-8AB8-AA4E7E889ECF}"
	ProjectSection(WebsiteProperties) = preProject
		UseIISExpress = "true"
		TargetFrameworkMoniker = ".NETFramework,Version%3Dv4.0"
		Debug.AspNetCompiler.VirtualPath = "/www"
		Debug.AspNetCompiler.PhysicalPath = "..\www\"
		Debug.AspNetCompiler.TargetPath = "PrecompiledWeb\www\"
		Debug.AspNetCompiler.Updateable = "true"
		Debug.AspNetCompiler.ForceOverwrite = "true"
		Debug.AspNetCompiler.FixedNames = "false"
		Debug.AspNetCompiler.Debug = "True"
		Release.AspNetCompiler.VirtualPath = "/www"
		Release.AspNetCompiler.PhysicalPath = "..\www\"
		Release.AspNetCompiler.TargetPath = "PrecompiledWeb\www\"
		Release.AspNetCompiler.Updateable = "true"
		Release.AspNetCompiler.ForceOverwrite = "true"
		Release.AspNetCompiler.FixedNames = "false"
		Release.AspNetCompiler.Debug = "False"
		SlnRelativePath = "..\www\"
	EndProjectSection
EndProject
Project("{FAE04EC0-301F-11D3-BF4B-00C04F79EFBC}") = "e3Radio.Data", "e3Radio.Data\e3Radio.Data.csproj", "{C0F797C6-AD72-4111-813D-4C29C8B111D0}"
EndProject
Project("{FAE04EC0-301F-11D3-BF4B-00C04F79EFBC}") = "e3Radio.Service", "e3Radio.Service\e3Radio.Service.csproj", "{C3B7DBE8-A2BB-4DC8-BDEA-392CE912E49D}"
EndProject
Project("{2150E333-8FDC-42A3-9474-1A3956D46DE8}") = ".nuget", ".nuget", "{2A5B0ABB-C19F-4BBB-AE0A-D0F587DEAE6F}"
	ProjectSection(SolutionItems) = preProject
		.nuget\NuGet.Config = .nuget\NuGet.Config
		.nuget\NuGet.exe = .nuget\NuGet.exe
		.nuget\NuGet.targets = .nuget\NuGet.targets
	EndProjectSection
EndProject
Global
	GlobalSection(SolutionConfigurationPlatforms) = preSolution
		Debug|Any CPU = Debug|Any CPU
		Release|Any CPU = Release|Any CPU
	EndGlobalSection
	GlobalSection(ProjectConfigurationPlatforms) = postSolution
		{6760DFB6-73C3-4F84-8AB8-AA4E7E889ECF}.Debug|Any CPU.ActiveCfg = Debug|Any CPU
		{6760DFB6-73C3-4F84-8AB8-AA4E7E889ECF}.Debug|Any CPU.Build.0 = Debug|Any CPU
		{6760DFB6-73C3-4F84-8AB8-AA4E7E889ECF}.Release|Any CPU.ActiveCfg = Debug|Any CPU
		{6760DFB6-73C3-4F84-8AB8-AA4E7E889ECF}.Release|Any CPU.Build.0 = Debug|Any CPU
		{C0F797C6-AD72-4111-813D-4C29C8B111D0}.Debug|Any CPU.ActiveCfg = Debug|Any CPU
		{C0F797C6-AD72-4111-813D-4C29C8B111D0}.Debug|Any CPU.Build.0 = Debug|Any CPU
		{C0F797C6-AD72-4111-813D-4C29C8B111D0}.Release|Any CPU.ActiveCfg = Release|Any CPU
		{C0F797C6-AD72-4111-813D-4C29C8B111D0}.Release|Any CPU.Build.0 = Release|Any CPU
		{C3B7DBE8-A2BB-4DC8-BDEA-392CE912E49D}.Debug|Any CPU.ActiveCfg = Debug|Any CPU
		{C3B7DBE8-A2BB-4DC8-BDEA-392CE912E49D}.Debug|Any CPU.Build.0 = Debug|Any CPU
		{C3B7DBE8-A2BB-4DC8-BDEA-392CE912E49D}.Release|Any CPU.ActiveCfg = Release|Any CPU
		{C3B7DBE8-A2BB-4DC8-BDEA-392CE912E49D}.Release|Any CPU.Build.0 = Release|Any CPU
	EndGlobalSection
	GlobalSection(SolutionProperties) = preSolution
		HideSolutionNode = FALSE
	EndGlobalSection
EndGlobal
